PODS:
  - Hue (3.0.1)
  - SnapKit (4.0.0)
  - Toolbelt (0.0.2)
  - ToolbeltUI (0.0.1):
    - SnapKit

DEPENDENCIES:
  - Hue
  - SnapKit
  - Toolbelt (from `../`)
  - ToolbeltUI (from `../`)

EXTERNAL SOURCES:
  Toolbelt:
    :path: ../
  ToolbeltUI:
    :path: ../

SPEC CHECKSUMS:
  Hue: 93e852fa6211ab35922ad8c293f51c43d6c79eb2
  SnapKit: a42d492c16e80209130a3379f73596c3454b7694
  Toolbelt: cd9aca51a4a9154b08fc3fd4dd79abfbdcea5153
  ToolbeltUI: 1cae9051c2322cc3f97025293d3b34da8528e34f

PODFILE CHECKSUM: b30965d60aed01eabef702c51ba0797da261ee60

COCOAPODS: 1.3.1
